{
  "name": "PinheadOS",
  "lockfileVersion": 3,
  "requires": true,
  "packages": {
    "": {
      "devDependencies": {
        "agentation": "^2.3.3"
      }
    },
    "node_modules/agentation": {
      "version": "2.3.3",
      "resolved": "https://registry.npmjs.org/agentation/-/agentation-2.3.3.tgz",
      "integrity": "sha512-AUZgFCdBQ/nAohlFsHByM9S2Dp7ECMNqVjlOke4hv/90v+wTiwrGladEkgWS60RDQp+CJ5p97meeCthYgTFlKQ==",
      "dev": true,
      "license": "PolyForm-Shield-1.0.0",
      "peerDependencies": {
        "react": ">=18.0.0",
        "react-dom": ">=18.0.0"
      },
      "peerDependenciesMeta": {
        "react": {
          "optional": true
        },
        "react-dom": {
          "optional": true
        }
      }
    }
  }
}
